
Microsoft Visual Studio Solution File, Format Version 12.00
# Visual Studio 2012
Project("{FAE04EC0-301F-11D3-BF4B-00C04F79EFBC}") = "NActivitySensor", "NActivitySensor\NActivitySensor.csproj", "{54C786E5-FD14-4036-92AE-E9F25B71534B}"
EndProject
Project("{2150E333-8FDC-42A3-9474-1A3956D46DE8}") = "Reporters", "Reporters", "{3A461AD0-F6C3-40BA-8DF6-432666BB899A}"
EndProject
Project("{FAE04EC0-301F-11D3-BF4B-00C04F79EFBC}") = "NActivitySensor.BuildActivitySensor", "NActivitySensor.BuildActivitySensor\NActivitySensor.BuildActivitySensor.csproj", "{A80DC199-CA81-4F63-A87A-4CE7EEE420E1}"
EndProject
Project("{2150E333-8FDC-42A3-9474-1A3956D46DE8}") = "Sensors", "Sensors", "{B4C761B3-B442-44F5-BA9B-AA9B3CB64797}"
EndProject
Project("{FAE04EC0-301F-11D3-BF4B-00C04F79EFBC}") = "NActivitySensor.Core", "NActivitySensor.Core\NActivitySensor.Core.csproj", "{AAD90564-3F17-42D1-B345-A949A260732C}"
EndProject
Project("{FAE04EC0-301F-11D3-BF4B-00C04F79EFBC}") = "NActivitySensor.MsSql", "NActivitySensor.MsSql\NActivitySensor.MsSql.csproj", "{72D8A4EA-573E-4A83-8BB2-C67F97D3EA16}"
EndProject
Project("{FAE04EC0-301F-11D3-BF4B-00C04F79EFBC}") = "NActivitySensor.Models", "NActivitySensor.Models\NActivitySensor.Models.csproj", "{2DE4DA6B-B35E-4F26-8EE0-F4B6EAC61643}"
EndProject
Global
	GlobalSection(SolutionConfigurationPlatforms) = preSolution
		Debug|Any CPU = Debug|Any CPU
		Release|Any CPU = Release|Any CPU
	EndGlobalSection
	GlobalSection(ProjectConfigurationPlatforms) = postSolution
		{54C786E5-FD14-4036-92AE-E9F25B71534B}.Debug|Any CPU.ActiveCfg = Debug|Any CPU
		{54C786E5-FD14-4036-92AE-E9F25B71534B}.Debug|Any CPU.Build.0 = Debug|Any CPU
		{54C786E5-FD14-4036-92AE-E9F25B71534B}.Release|Any CPU.ActiveCfg = Release|Any CPU
		{54C786E5-FD14-4036-92AE-E9F25B71534B}.Release|Any CPU.Build.0 = Release|Any CPU
		{A80DC199-CA81-4F63-A87A-4CE7EEE420E1}.Debug|Any CPU.ActiveCfg = Debug|Any CPU
		{A80DC199-CA81-4F63-A87A-4CE7EEE420E1}.Debug|Any CPU.Build.0 = Debug|Any CPU
		{A80DC199-CA81-4F63-A87A-4CE7EEE420E1}.Release|Any CPU.ActiveCfg = Release|Any CPU
		{A80DC199-CA81-4F63-A87A-4CE7EEE420E1}.Release|Any CPU.Build.0 = Release|Any CPU
		{AAD90564-3F17-42D1-B345-A949A260732C}.Debug|Any CPU.ActiveCfg = Debug|Any CPU
		{AAD90564-3F17-42D1-B345-A949A260732C}.Debug|Any CPU.Build.0 = Debug|Any CPU
		{AAD90564-3F17-42D1-B345-A949A260732C}.Release|Any CPU.ActiveCfg = Release|Any CPU
		{AAD90564-3F17-42D1-B345-A949A260732C}.Release|Any CPU.Build.0 = Release|Any CPU
		{72D8A4EA-573E-4A83-8BB2-C67F97D3EA16}.Debug|Any CPU.ActiveCfg = Debug|Any CPU
		{72D8A4EA-573E-4A83-8BB2-C67F97D3EA16}.Debug|Any CPU.Build.0 = Debug|Any CPU
		{72D8A4EA-573E-4A83-8BB2-C67F97D3EA16}.Release|Any CPU.ActiveCfg = Release|Any CPU
		{72D8A4EA-573E-4A83-8BB2-C67F97D3EA16}.Release|Any CPU.Build.0 = Release|Any CPU
		{2DE4DA6B-B35E-4F26-8EE0-F4B6EAC61643}.Debug|Any CPU.ActiveCfg = Debug|Any CPU
		{2DE4DA6B-B35E-4F26-8EE0-F4B6EAC61643}.Debug|Any CPU.Build.0 = Debug|Any CPU
		{2DE4DA6B-B35E-4F26-8EE0-F4B6EAC61643}.Release|Any CPU.ActiveCfg = Release|Any CPU
		{2DE4DA6B-B35E-4F26-8EE0-F4B6EAC61643}.Release|Any CPU.Build.0 = Release|Any CPU
	EndGlobalSection
	GlobalSection(SolutionProperties) = preSolution
		HideSolutionNode = FALSE
	EndGlobalSection
	GlobalSection(NestedProjects) = preSolution
		{72D8A4EA-573E-4A83-8BB2-C67F97D3EA16} = {3A461AD0-F6C3-40BA-8DF6-432666BB899A}
		{A80DC199-CA81-4F63-A87A-4CE7EEE420E1} = {B4C761B3-B442-44F5-BA9B-AA9B3CB64797}
	EndGlobalSection
EndGlobal
