
Microsoft Visual Studio Solution File, Format Version 12.00
# Visual Studio 14
VisualStudioVersion = 14.0.24720.0
MinimumVisualStudioVersion = 10.0.40219.1
Project("{2150E333-8FDC-42A3-9474-1A3956D46DE8}") = "Reporters", "Reporters", "{3A461AD0-F6C3-40BA-8DF6-432666BB899A}"
EndProject
Project("{2150E333-8FDC-42A3-9474-1A3956D46DE8}") = "Sensors", "Sensors", "{B4C761B3-B442-44F5-BA9B-AA9B3CB64797}"
EndProject
Project("{FAE04EC0-301F-11D3-BF4B-00C04F79EFBC}") = "NActivitySensor.Core", "NActivitySensor.Core\NActivitySensor.Core.csproj", "{AAD90564-3F17-42D1-B345-A949A260732C}"
EndProject
Project("{FAE04EC0-301F-11D3-BF4B-00C04F79EFBC}") = "NActivitySensor.Models", "NActivitySensor.Models\NActivitySensor.Models.csproj", "{2DE4DA6B-B35E-4F26-8EE0-F4B6EAC61643}"
EndProject
Project("{FAE04EC0-301F-11D3-BF4B-00C04F79EFBC}") = "NActivitySensor.MSSql", "NActivitySensor.MSSql\NActivitySensor.MSSql.csproj", "{72D8A4EA-573E-4A83-8BB2-C67F97D3EA16}"
EndProject
Project("{FAE04EC0-301F-11D3-BF4B-00C04F79EFBC}") = "NActivitySensor.DTEActivitySensor", "NActivitySensor.DTEActivitySensor\NActivitySensor.DTEActivitySensor.csproj", "{A80DC199-CA81-4F63-A87A-4CE7EEE420E1}"
EndProject
Project("{FAE04EC0-301F-11D3-BF4B-00C04F79EFBC}") = "NActivitySensor.OutputWindow", "NActivitySensor.OutputWindow\NActivitySensor.OutputWindow.csproj", "{C37D78AF-C5EB-459A-86FE-D1A6351EB2F4}"
EndProject
Project("{FAE04EC0-301F-11D3-BF4B-00C04F79EFBC}") = "NActivitySensor.TestsActivitySensor", "NActivitySensor.TestsActivitySensor\NActivitySensor.TestsActivitySensor.csproj", "{EBB0719C-81F8-4D4A-9C05-FB38D3C3D597}"
EndProject
Project("{FAE04EC0-301F-11D3-BF4B-00C04F79EFBC}") = "NActivitySensor", "NActivitySensor\NActivitySensor.csproj", "{47A8464A-C5B3-4643-921B-6A3733DB155D}"
EndProject
Global
	GlobalSection(SolutionConfigurationPlatforms) = preSolution
		Debug|Any CPU = Debug|Any CPU
		Release|Any CPU = Release|Any CPU
	EndGlobalSection
	GlobalSection(ProjectConfigurationPlatforms) = postSolution
		{AAD90564-3F17-42D1-B345-A949A260732C}.Debug|Any CPU.ActiveCfg = Debug|Any CPU
		{AAD90564-3F17-42D1-B345-A949A260732C}.Debug|Any CPU.Build.0 = Debug|Any CPU
		{AAD90564-3F17-42D1-B345-A949A260732C}.Release|Any CPU.ActiveCfg = Release|Any CPU
		{AAD90564-3F17-42D1-B345-A949A260732C}.Release|Any CPU.Build.0 = Release|Any CPU
		{2DE4DA6B-B35E-4F26-8EE0-F4B6EAC61643}.Debug|Any CPU.ActiveCfg = Debug|Any CPU
		{2DE4DA6B-B35E-4F26-8EE0-F4B6EAC61643}.Debug|Any CPU.Build.0 = Debug|Any CPU
		{2DE4DA6B-B35E-4F26-8EE0-F4B6EAC61643}.Release|Any CPU.ActiveCfg = Release|Any CPU
		{2DE4DA6B-B35E-4F26-8EE0-F4B6EAC61643}.Release|Any CPU.Build.0 = Release|Any CPU
		{72D8A4EA-573E-4A83-8BB2-C67F97D3EA16}.Debug|Any CPU.ActiveCfg = Debug|Any CPU
		{72D8A4EA-573E-4A83-8BB2-C67F97D3EA16}.Debug|Any CPU.Build.0 = Debug|Any CPU
		{72D8A4EA-573E-4A83-8BB2-C67F97D3EA16}.Release|Any CPU.ActiveCfg = Release|Any CPU
		{72D8A4EA-573E-4A83-8BB2-C67F97D3EA16}.Release|Any CPU.Build.0 = Release|Any CPU
		{A80DC199-CA81-4F63-A87A-4CE7EEE420E1}.Debug|Any CPU.ActiveCfg = Debug|Any CPU
		{A80DC199-CA81-4F63-A87A-4CE7EEE420E1}.Debug|Any CPU.Build.0 = Debug|Any CPU
		{A80DC199-CA81-4F63-A87A-4CE7EEE420E1}.Release|Any CPU.ActiveCfg = Release|Any CPU
		{A80DC199-CA81-4F63-A87A-4CE7EEE420E1}.Release|Any CPU.Build.0 = Release|Any CPU
		{C37D78AF-C5EB-459A-86FE-D1A6351EB2F4}.Debug|Any CPU.ActiveCfg = Debug|Any CPU
		{C37D78AF-C5EB-459A-86FE-D1A6351EB2F4}.Debug|Any CPU.Build.0 = Debug|Any CPU
		{C37D78AF-C5EB-459A-86FE-D1A6351EB2F4}.Release|Any CPU.ActiveCfg = Release|Any CPU
		{C37D78AF-C5EB-459A-86FE-D1A6351EB2F4}.Release|Any CPU.Build.0 = Release|Any CPU
		{EBB0719C-81F8-4D4A-9C05-FB38D3C3D597}.Debug|Any CPU.ActiveCfg = Debug|Any CPU
		{EBB0719C-81F8-4D4A-9C05-FB38D3C3D597}.Debug|Any CPU.Build.0 = Debug|Any CPU
		{EBB0719C-81F8-4D4A-9C05-FB38D3C3D597}.Release|Any CPU.ActiveCfg = Release|Any CPU
		{EBB0719C-81F8-4D4A-9C05-FB38D3C3D597}.Release|Any CPU.Build.0 = Release|Any CPU
		{47A8464A-C5B3-4643-921B-6A3733DB155D}.Debug|Any CPU.ActiveCfg = Debug|Any CPU
		{47A8464A-C5B3-4643-921B-6A3733DB155D}.Debug|Any CPU.Build.0 = Debug|Any CPU
		{47A8464A-C5B3-4643-921B-6A3733DB155D}.Release|Any CPU.ActiveCfg = Release|Any CPU
		{47A8464A-C5B3-4643-921B-6A3733DB155D}.Release|Any CPU.Build.0 = Release|Any CPU
	EndGlobalSection
	GlobalSection(SolutionProperties) = preSolution
		HideSolutionNode = FALSE
	EndGlobalSection
	GlobalSection(NestedProjects) = preSolution
		{72D8A4EA-573E-4A83-8BB2-C67F97D3EA16} = {3A461AD0-F6C3-40BA-8DF6-432666BB899A}
		{A80DC199-CA81-4F63-A87A-4CE7EEE420E1} = {B4C761B3-B442-44F5-BA9B-AA9B3CB64797}
		{C37D78AF-C5EB-459A-86FE-D1A6351EB2F4} = {3A461AD0-F6C3-40BA-8DF6-432666BB899A}
		{EBB0719C-81F8-4D4A-9C05-FB38D3C3D597} = {B4C761B3-B442-44F5-BA9B-AA9B3CB64797}
	EndGlobalSection
EndGlobal
